// !$*UTF8*$!
{
	archiveVersion = 1;
	classes = {
	};
	objectVersion = 55;
	objects = {

/* Begin PBXBuildFile section */
		1BB1947A24DF83370BD2D8CA /* Pods_NotraMuse.framework in Frameworks */ = {isa = PBXBuildFile; fileRef = 42C9D586CCE5C3859FA0C5F9 /* Pods_NotraMuse.framework */; };
		A949CB8D2916D04A007995D9 /* AppDelegate.swift in Sources */ = {isa = PBXBuildFile; fileRef = A949CB8C2916D04A007995D9 /* AppDelegate.swift */; };
		A949CB8F2916D04A007995D9 /* SceneDelegate.swift in Sources */ = {isa = PBXBuildFile; fileRef = A949CB8E2916D04A007995D9 /* SceneDelegate.swift */; };
		A949CB912916D04A007995D9 /* ViewController.swift in Sources */ = {isa = PBXBuildFile; fileRef = A949CB902916D04A007995D9 /* ViewController.swift */; };
		A949CB942916D04A007995D9 /* Main.storyboard in Resources */ = {isa = PBXBuildFile; fileRef = A949CB922916D04A007995D9 /* Main.storyboard */; };
		A949CB962916D04B007995D9 /* Assets.xcassets in Resources */ = {isa = PBXBuildFile; fileRef = A949CB952916D04B007995D9 /* Assets.xcassets */; };
		A949CB992916D04B007995D9 /* LaunchScreen.storyboard in Resources */ = {isa = PBXBuildFile; fileRef = A949CB972916D04B007995D9 /* LaunchScreen.storyboard */; };
/* End PBXBuildFile section */

/* Begin PBXFileReference section */
		00DE3247BA0402664671A013 /* Pods-NotraMuse.release.xcconfig */ = {isa = PBXFileReference; includeInIndex = 1; lastKnownFileType = text.xcconfig; name = "Pods-NotraMuse.release.xcconfig"; path = "Target Support Files/Pods-NotraMuse/Pods-NotraMuse.release.xcconfig"; sourceTree = "<group>"; };
		42C9D586CCE5C3859FA0C5F9 /* Pods_NotraMuse.framework */ = {isa = PBXFileReference; explicitFileType = wrapper.framework; includeInIndex = 0; path = Pods_NotraMuse.framework; sourceTree = BUILT_PRODUCTS_DIR; };
		614F565F7F3FEA917E72998F /* Pods-NotraMuse.debug.xcconfig */ = {isa = PBXFileReference; includeInIndex = 1; lastKnownFileType = text.xcconfig; name = "Pods-NotraMuse.debug.xcconfig"; path = "Target Support Files/Pods-NotraMuse/Pods-NotraMuse.debug.xcconfig"; sourceTree = "<group>"; };
		A949CB892916D04A007995D9 /* NotraMuse.app */ = {isa = PBXFileReference; explicitFileType = wrapper.application; includeInIndex = 0; path = NotraMuse.app; sourceTree = BUILT_PRODUCTS_DIR; };
		A949CB8C2916D04A007995D9 /* AppDelegate.swift */ = {isa = PBXFileReference; lastKnownFileType = sourcecode.swift; path = AppDelegate.swift; sourceTree = "<group>"; };
		A949CB8E2916D04A007995D9 /* SceneDelegate.swift */ = {isa = PBXFileReference; lastKnownFileType = sourcecode.swift; path = SceneDelegate.swift; sourceTree = "<group>"; };
		A949CB902916D04A007995D9 /* ViewController.swift */ = {isa = PBXFileReference; lastKnownFileType = sourcecode.swift; path = ViewController.swift; sourceTree = "<group>"; };
		A949CB932916D04A007995D9 /* Base */ = {isa = PBXFileReference; lastKnownFileType = file.storyboard; name = Base; path = Base.lproj/Main.storyboard; sourceTree = "<group>"; };
		A949CB952916D04B007995D9 /* Assets.xcassets */ = {isa = PBXFileReference; lastKnownFileType = folder.assetcatalog; path = Assets.xcassets; sourceTree = "<group>"; };
		A949CB982916D04B007995D9 /* Base */ = {isa = PBXFileReference; lastKnownFileType = file.storyboard; name = Base; path = Base.lproj/LaunchScreen.storyboard; sourceTree = "<group>"; };
		A949CB9A2916D04B007995D9 /* Info.plist */ = {isa = PBXFileReference; lastKnownFileType = text.plist.xml; path = Info.plist; sourceTree = "<group>"; };
/* End PBXFileReference section */

/* Begin PBXFrameworksBuildPhase section */
		A949CB862916D04A007995D9 /* Frameworks */ = {
			isa = PBXFrameworksBuildPhase;
			buildActionMask = 2147483647;
			files = (
				1BB1947A24DF83370BD2D8CA /* Pods_NotraMuse.framework in Frameworks */,
			);
			runOnlyForDeploymentPostprocessing = 0;
		};
/* End PBXFrameworksBuildPhase section */

/* Begin PBXGroup section */
		35019B07BFF26AE3BE481031 /* Frameworks */ = {
			isa = PBXGroup;
			children = (
				42C9D586CCE5C3859FA0C5F9 /* Pods_NotraMuse.framework */,
			);
			name = Frameworks;
			sourceTree = "<group>";
		};
		86FE70757F321801BB5CDE7E /* Pods */ = {
			isa = PBXGroup;
			children = (
				614F565F7F3FEA917E72998F /* Pods-NotraMuse.debug.xcconfig */,
				00DE3247BA0402664671A013 /* Pods-NotraMuse.release.xcconfig */,
			);
			path = Pods;
			sourceTree = "<group>";
		};
		A949CB802916D04A007995D9 = {
			isa = PBXGroup;
			children = (
				A949CB8B2916D04A007995D9 /* NotraMuse */,
				A949CB8A2916D04A007995D9 /* Products */,
				86FE70757F321801BB5CDE7E /* Pods */,
				35019B07BFF26AE3BE481031 /* Frameworks */,
			);
			sourceTree = "<group>";
		};
		A949CB8A2916D04A007995D9 /* Products */ = {
			isa = PBXGroup;
			children = (
				A949CB892916D04A007995D9 /* NotraMuse.app */,
			);
			name = Products;
			sourceTree = "<group>";
		};
		A949CB8B2916D04A007995D9 /* NotraMuse */ = {
			isa = PBXGroup;
			children = (
				A949CB8C2916D04A007995D9 /* AppDelegate.swift */,
				A949CB8E2916D04A007995D9 /* SceneDelegate.swift */,
				A949CB902916D04A007995D9 /* ViewController.swift */,
				A949CB922916D04A007995D9 /* Main.storyboard */,
				A949CB952916D04B007995D9 /* Assets.xcassets */,
				A949CB972916D04B007995D9 /* LaunchScreen.storyboard */,
				A949CB9A2916D04B007995D9 /* Info.plist */,
			);
			path = NotraMuse;
			sourceTree = "<group>";
		};
/* End PBXGroup section */

/* Begin PBXNativeTarget section */
		A949CB882916D04A007995D9 /* NotraMuse */ = {
			isa = PBXNativeTarget;
			buildConfigurationList = A949CB9D2916D04B007995D9 /* Build configuration list for PBXNativeTarget "NotraMuse" */;
			buildPhases = (
				8F751145E92F83D7407975F1 /* [CP] Check Pods Manifest.lock */,
				A949CB852916D04A007995D9 /* Sources */,
				A949CB862916D04A007995D9 /* Frameworks */,
				A949CB872916D04A007995D9 /* Resources */,
				85DBEF4D52D07C4A288347FC /* [CP] Embed Pods Frameworks */,
			);
			buildRules = (
			);
			dependencies = (
			);
			name = NotraMuse;
			productName = NotraMuse;
			productReference = A949CB892916D04A007995D9 /* NotraMuse.app */;
			productType = "com.apple.product-type.application";
		};
/* End PBXNativeTarget section */

/* Begin PBXProject section */
		A949CB812916D04A007995D9 /* Project object */ = {
			isa = PBXProject;
			attributes = {
				BuildIndependentTargetsInParallel = 1;
				LastSwiftUpdateCheck = 1410;
				LastUpgradeCheck = 1410;
				TargetAttributes = {
					A949CB882916D04A007995D9 = {
						CreatedOnToolsVersion = 14.1;
					};
				};
			};
			buildConfigurationList = A949CB842916D04A007995D9 /* Build configuration list for PBXProject "NotraMuse" */;
			compatibilityVersion = "Xcode 13.0";
			developmentRegion = en;
			hasScannedForEncodings = 0;
			knownRegions = (
				en,
				Base,
			);
			mainGroup = A949CB802916D04A007995D9;
			productRefGroup = A949CB8A2916D04A007995D9 /* Products */;
			projectDirPath = "";
			projectRoot = "";
			targets = (
				A949CB882916D04A007995D9 /* NotraMuse */,
			);
		};
/* End PBXProject section */

/* Begin PBXResourcesBuildPhase section */
		A949CB872916D04A007995D9 /* Resources */ = {
			isa = PBXResourcesBuildPhase;
			buildActionMask = 2147483647;
			files = (
				A949CB992916D04B007995D9 /* LaunchScreen.storyboard in Resources */,
				A949CB962916D04B007995D9 /* Assets.xcassets in Resources */,
				A949CB942916D04A007995D9 /* Main.storyboard in Resources */,
			);
			runOnlyForDeploymentPostprocessing = 0;
		};
/* End PBXResourcesBuildPhase section */

/* Begin PBXShellScriptBuildPhase section */
		85DBEF4D52D07C4A288347FC /* [CP] Embed Pods Frameworks */ = {
			isa = PBXShellScriptBuildPhase;
			buildActionMask = 2147483647;
			files = (
			);
			inputFileListPaths = (
				"${PODS_ROOT}/Target Support Files/Pods-NotraMuse/Pods-NotraMuse-frameworks-${CONFIGURATION}-input-files.xcfilelist",
			);
			name = "[CP] Embed Pods Frameworks";
			outputFileListPaths = (
				"${PODS_ROOT}/Target Support Files/Pods-NotraMuse/Pods-NotraMuse-frameworks-${CONFIGURATION}-output-files.xcfilelist",
			);
			runOnlyForDeploymentPostprocessing = 0;
			shellPath = /bin/sh;
			shellScript = "\"${PODS_ROOT}/Target Support Files/Pods-NotraMuse/Pods-NotraMuse-frameworks.sh\"\n";
			showEnvVarsInLog = 0;
		};
		8F751145E92F83D7407975F1 /* [CP] Check Pods Manifest.lock */ = {
			isa = PBXShellScriptBuildPhase;
			buildActionMask = 2147483647;
			files = (
			);
			inputFileListPaths = (
			);
			inputPaths = (
				"${PODS_PODFILE_DIR_PATH}/Podfile.lock",
				"${PODS_ROOT}/Manifest.lock",
			);
			name = "[CP] Check Pods Manifest.lock";
			outputFileListPaths = (
			);
			outputPaths = (
				"$(DERIVED_FILE_DIR)/Pods-NotraMuse-checkManifestLockResult.txt",
			);
			runOnlyForDeploymentPostprocessing = 0;
			shellPath = /bin/sh;
			shellScript = "diff \"${PODS_PODFILE_DIR_PATH}/Podfile.lock\" \"${PODS_ROOT}/Manifest.lock\" > /dev/null\nif [ $? != 0 ] ; then\n    # print error to STDERR\n    echo \"error: The sandbox is not in sync with the Podfile.lock. Run 'pod install' or update your CocoaPods installation.\" >&2\n    exit 1\nfi\n# This output is used by Xcode 'outputs' to avoid re-running this script phase.\necho \"SUCCESS\" > \"${SCRIPT_OUTPUT_FILE_0}\"\n";
			showEnvVarsInLog = 0;
		};
/* End PBXShellScriptBuildPhase section */

/* Begin PBXSourcesBuildPhase section */
		A949CB852916D04A007995D9 /* Sources */ = {
			isa = PBXSourcesBuildPhase;
			buildActionMask = 2147483647;
			files = (
				A949CB912916D04A007995D9 /* ViewController.swift in Sources */,
				A949CB8D2916D04A007995D9 /* AppDelegate.swift in Sources */,
				A949CB8F2916D04A007995D9 /* SceneDelegate.swift in Sources */,
			);
			runOnlyForDeploymentPostprocessing = 0;
		};
/* End PBXSourcesBuildPhase section */

/* Begin PBXVariantGroup section */
		A949CB922916D04A007995D9 /* Main.storyboard */ = {
			isa = PBXVariantGroup;
			children = (
				A949CB932916D04A007995D9 /* Base */,
			);
			name = Main.storyboard;
			sourceTree = "<group>";
		};
		A949CB972916D04B007995D9 /* LaunchScreen.storyboard */ = {
			isa = PBXVariantGroup;
			children = (
				A949CB982916D04B007995D9 /* Base */,
			);
			name = LaunchScreen.storyboard;
			sourceTree = "<group>";
		};
/* End PBXVariantGroup section */

/* Begin XCBuildConfiguration section */
		A949CB9B2916D04B007995D9 /* Debug */ = {
			isa = XCBuildConfiguration;
			buildSettings = {
				ALWAYS_SEARCH_USER_PATHS = NO;
				CLANG_ANALYZER_NONNULL = YES;
				CLANG_ANALYZER_NUMBER_OBJECT_CONVERSION = YES_AGGRESSIVE;
				CLANG_CXX_LANGUAGE_STANDARD = "gnu++20";
				CLANG_ENABLE_MODULES = YES;
				CLANG_ENABLE_OBJC_ARC = YES;
				CLANG_ENABLE_OBJC_WEAK = YES;
				CLANG_WARN_BLOCK_CAPTURE_AUTORELEASING = YES;
				CLANG_WARN_BOOL_CONVERSION = YES;
				CLANG_WARN_COMMA = YES;
				CLANG_WARN_CONSTANT_CONVERSION = YES;
				CLANG_WARN_DEPRECATED_OBJC_IMPLEMENTATIONS = YES;
				CLANG_WARN_DIRECT_OBJC_ISA_USAGE = YES_ERROR;
				CLANG_WARN_DOCUMENTATION_COMMENTS = YES;
				CLANG_WARN_EMPTY_BODY = YES;
				CLANG_WARN_ENUM_CONVERSION = YES;
				CLANG_WARN_INFINITE_RECURSION = YES;
				CLANG_WARN_INT_CONVERSION = YES;
				CLANG_WARN_NON_LITERAL_NULL_CONVERSION = YES;
				CLANG_WARN_OBJC_IMPLICIT_RETAIN_SELF = YES;
				CLANG_WARN_OBJC_LITERAL_CONVERSION = YES;
				CLANG_WARN_OBJC_ROOT_CLASS = YES_ERROR;
				CLANG_WARN_QUOTED_INCLUDE_IN_FRAMEWORK_HEADER = YES;
				CLANG_WARN_RANGE_LOOP_ANALYSIS = YES;
				CLANG_WARN_STRICT_PROTOTYPES = YES;
				CLANG_WARN_SUSPICIOUS_MOVE = YES;
				CLANG_WARN_UNGUARDED_AVAILABILITY = YES_AGGRESSIVE;
				CLANG_WARN_UNREACHABLE_CODE = YES;
				CLANG_WARN__DUPLICATE_METHOD_MATCH = YES;
				COPY_PHASE_STRIP = NO;
				DEBUG_INFORMATION_FORMAT = dwarf;
				ENABLE_STRICT_OBJC_MSGSEND = YES;
				ENABLE_TESTABILITY = YES;
				GCC_C_LANGUAGE_STANDARD = gnu11;
				GCC_DYNAMIC_NO_PIC = NO;
				GCC_NO_COMMON_BLOCKS = YES;
				GCC_OPTIMIZATION_LEVEL = 0;
				GCC_PREPROCESSOR_DEFINITIONS = (
					"DEBUG=1",
					"$(inherited)",
				);
				GCC_WARN_64_TO_32_BIT_CONVERSION = YES;
				GCC_WARN_ABOUT_RETURN_TYPE = YES_ERROR;
				GCC_WARN_UNDECLARED_SELECTOR = YES;
				GCC_WARN_UNINITIALIZED_AUTOS = YES_AGGRESSIVE;
				GCC_WARN_UNUSED_FUNCTION = YES;
				GCC_WARN_UNUSED_VARIABLE = YES;
				IPHONEOS_DEPLOYMENT_TARGET = 16.1;
				MTL_ENABLE_DEBUG_INFO = INCLUDE_SOURCE;
				MTL_FAST_MATH = YES;
				ONLY_ACTIVE_ARCH = YES;
				SDKROOT = iphoneos;
				SWIFT_ACTIVE_COMPILATION_CONDITIONS = DEBUG;
				SWIFT_OPTIMIZATION_LEVEL = "-Onone";
			};
			name = Debug;
		};
		A949CB9C2916D04B007995D9 /* Release */ = {
			isa = XCBuildConfiguration;
			buildSettings = {
				ALWAYS_SEARCH_USER_PATHS = NO;
				CLANG_ANALYZER_NONNULL = YES;
				CLANG_ANALYZER_NUMBER_OBJECT_CONVERSION = YES_AGGRESSIVE;
				CLANG_CXX_LANGUAGE_STANDARD = "gnu++20";
				CLANG_ENABLE_MODULES = YES;
				CLANG_ENABLE_OBJC_ARC = YES;
				CLANG_ENABLE_OBJC_WEAK = YES;
				CLANG_WARN_BLOCK_CAPTURE_AUTORELEASING = YES;
				CLANG_WARN_BOOL_CONVERSION = YES;
				CLANG_WARN_COMMA = YES;
				CLANG_WARN_CONSTANT_CONVERSION = YES;
				CLANG_WARN_DEPRECATED_OBJC_IMPLEMENTATIONS = YES;
				CLANG_WARN_DIRECT_OBJC_ISA_USAGE = YES_ERROR;
				CLANG_WARN_DOCUMENTATION_COMMENTS = YES;
				CLANG_WARN_EMPTY_BODY = YES;
				CLANG_WARN_ENUM_CONVERSION = YES;
				CLANG_WARN_INFINITE_RECURSION = YES;
				CLANG_WARN_INT_CONVERSION = YES;
				CLANG_WARN_NON_LITERAL_NULL_CONVERSION = YES;
				CLANG_WARN_OBJC_IMPLICIT_RETAIN_SELF = YES;
				CLANG_WARN_OBJC_LITERAL_CONVERSION = YES;
				CLANG_WARN_OBJC_ROOT_CLASS = YES_ERROR;
				CLANG_WARN_QUOTED_INCLUDE_IN_FRAMEWORK_HEADER = YES;
				CLANG_WARN_RANGE_LOOP_ANALYSIS = YES;
				CLANG_WARN_STRICT_PROTOTYPES = YES;
				CLANG_WARN_SUSPICIOUS_MOVE = YES;
				CLANG_WARN_UNGUARDED_AVAILABILITY = YES_AGGRESSIVE;
				CLANG_WARN_UNREACHABLE_CODE = YES;
				CLANG_WARN__DUPLICATE_METHOD_MATCH = YES;
				COPY_PHASE_STRIP = NO;
				DEBUG_INFORMATION_FORMAT = "dwarf-with-dsym";
				ENABLE_NS_ASSERTIONS = NO;
				ENABLE_STRICT_OBJC_MSGSEND = YES;
				GCC_C_LANGUAGE_STANDARD = gnu11;
				GCC_NO_COMMON_BLOCKS = YES;
				GCC_WARN_64_TO_32_BIT_CONVERSION = YES;
				GCC_WARN_ABOUT_RETURN_TYPE = YES_ERROR;
				GCC_WARN_UNDECLARED_SELECTOR = YES;
				GCC_WARN_UNINITIALIZED_AUTOS = YES_AGGRESSIVE;
				GCC_WARN_UNUSED_FUNCTION = YES;
				GCC_WARN_UNUSED_VARIABLE = YES;
				IPHONEOS_DEPLOYMENT_TARGET = 16.1;
				MTL_ENABLE_DEBUG_INFO = NO;
				MTL_FAST_MATH = YES;
				SDKROOT = iphoneos;
				SWIFT_COMPILATION_MODE = wholemodule;
				SWIFT_OPTIMIZATION_LEVEL = "-O";
				VALIDATE_PRODUCT = YES;
			};
			name = Release;
		};
		A949CB9E2916D04B007995D9 /* Debug */ = {
			isa = XCBuildConfiguration;
			baseConfigurationReference = 614F565F7F3FEA917E72998F /* Pods-NotraMuse.debug.xcconfig */;
			buildSettings = {
				ASSETCATALOG_COMPILER_APPICON_NAME = AppIcon;
				ASSETCATALOG_COMPILER_GLOBAL_ACCENT_COLOR_NAME = AccentColor;
				CODE_SIGN_STYLE = Automatic;
				CURRENT_PROJECT_VERSION = 1;
				DEVELOPMENT_TEAM = 6KX735524S;
				GENERATE_INFOPLIST_FILE = YES;
				INFOPLIST_FILE = NotraMuse/Info.plist;
				INFOPLIST_KEY_UIApplicationSupportsIndirectInputEvents = YES;
				INFOPLIST_KEY_UILaunchStoryboardName = LaunchScreen;
				INFOPLIST_KEY_UIMainStoryboardFile = Main;
				INFOPLIST_KEY_UISupportedInterfaceOrientations_iPad = "UIInterfaceOrientationPortrait UIInterfaceOrientationPortraitUpsideDown UIInterfaceOrientationLandscapeLeft UIInterfaceOrientationLandscapeRight";
				INFOPLIST_KEY_UISupportedInterfaceOrientations_iPhone = "UIInterfaceOrientationPortrait UIInterfaceOrientationLandscapeLeft UIInterfaceOrientationLandscapeRight";
				LD_RUNPATH_SEARCH_PATHS = (
					"$(inherited)",
					"@executable_path/Frameworks",
				);
				MARKETING_VERSION = 1.0;
				PRODUCT_BUNDLE_IDENTIFIER = FAUNotraMuse;
				PRODUCT_NAME = "$(TARGET_NAME)";
				SWIFT_EMIT_LOC_STRINGS = YES;
				SWIFT_VERSION = 5.0;
				TARGETED_DEVICE_FAMILY = "1,2";
			};
			name = Debug;
		};
		A949CB9F2916D04B007995D9 /* Release */ = {
			isa = XCBuildConfiguration;
			baseConfigurationReference = 00DE3247BA0402664671A013 /* Pods-NotraMuse.release.xcconfig */;
			buildSettings = {
				ASSETCATALOG_COMPILER_APPICON_NAME = AppIcon;
				ASSETCATALOG_COMPILER_GLOBAL_ACCENT_COLOR_NAME = AccentColor;
				CODE_SIGN_STYLE = Automatic;
				CURRENT_PROJECT_VERSION = 1;
				DEVELOPMENT_TEAM = 6KX735524S;
				GENERATE_INFOPLIST_FILE = YES;
				INFOPLIST_FILE = NotraMuse/Info.plist;
				INFOPLIST_KEY_UIApplicationSupportsIndirectInputEvents = YES;
				INFOPLIST_KEY_UILaunchStoryboardName = LaunchScreen;
				INFOPLIST_KEY_UIMainStoryboardFile = Main;
				INFOPLIST_KEY_UISupportedInterfaceOrientations_iPad = "UIInterfaceOrientationPortrait UIInterfaceOrientationPortraitUpsideDown UIInterfaceOrientationLandscapeLeft UIInterfaceOrientationLandscapeRight";
				INFOPLIST_KEY_UISupportedInterfaceOrientations_iPhone = "UIInterfaceOrientationPortrait UIInterfaceOrientationLandscapeLeft UIInterfaceOrientationLandscapeRight";
				LD_RUNPATH_SEARCH_PATHS = (
					"$(inherited)",
					"@executable_path/Frameworks",
				);
				MARKETING_VERSION = 1.0;
				PRODUCT_BUNDLE_IDENTIFIER = FAUNotraMuse;
				PRODUCT_NAME = "$(TARGET_NAME)";
				SWIFT_EMIT_LOC_STRINGS = YES;
				SWIFT_VERSION = 5.0;
				TARGETED_DEVICE_FAMILY = "1,2";
			};
			name = Release;
		};
/* End XCBuildConfiguration section */

/* Begin XCConfigurationList section */
		A949CB842916D04A007995D9 /* Build configuration list for PBXProject "NotraMuse" */ = {
			isa = XCConfigurationList;
			buildConfigurations = (
				A949CB9B2916D04B007995D9 /* Debug */,
				A949CB9C2916D04B007995D9 /* Release */,
			);
			defaultConfigurationIsVisible = 0;
			defaultConfigurationName = Release;
		};
		A949CB9D2916D04B007995D9 /* Build configuration list for PBXNativeTarget "NotraMuse" */ = {
			isa = XCConfigurationList;
			buildConfigurations = (
				A949CB9E2916D04B007995D9 /* Debug */,
				A949CB9F2916D04B007995D9 /* Release */,
			);
			defaultConfigurationIsVisible = 0;
			defaultConfigurationName = Release;
		};
/* End XCConfigurationList section */
	};
	rootObject = A949CB812916D04A007995D9 /* Project object */;
}
