// !$*UTF8*$!
{
	archiveVersion = 1;
	classes = {
	};
	objectVersion = 55;
	objects = {

/* Begin PBXBuildFile section */
		038386112923F8300017B5A5 /* ArtistViewController.swift in Sources */ = {isa = PBXBuildFile; fileRef = 038386102923F8300017B5A5 /* ArtistViewController.swift */; };
		03CB29A82923F2C30080FFF3 /* TrackViewController.swift in Sources */ = {isa = PBXBuildFile; fileRef = 03CB29A72923F2C30080FFF3 /* TrackViewController.swift */; };
		520C0A842922D692004EA851 /* AppDelegate.swift in Sources */ = {isa = PBXBuildFile; fileRef = 520C0A832922D692004EA851 /* AppDelegate.swift */; };
		520C0A862922D692004EA851 /* SceneDelegate.swift in Sources */ = {isa = PBXBuildFile; fileRef = 520C0A852922D692004EA851 /* SceneDelegate.swift */; };
		520C0A882922D692004EA851 /* ViewController.swift in Sources */ = {isa = PBXBuildFile; fileRef = 520C0A872922D692004EA851 /* ViewController.swift */; };
		520C0A8B2922D692004EA851 /* Main.storyboard in Resources */ = {isa = PBXBuildFile; fileRef = 520C0A892922D692004EA851 /* Main.storyboard */; };
		520C0A8D2922D693004EA851 /* Assets.xcassets in Resources */ = {isa = PBXBuildFile; fileRef = 520C0A8C2922D693004EA851 /* Assets.xcassets */; };
		520C0A902922D693004EA851 /* LaunchScreen.storyboard in Resources */ = {isa = PBXBuildFile; fileRef = 520C0A8E2922D693004EA851 /* LaunchScreen.storyboard */; };
		520C0A9B2922D693004EA851 /* NotraMuseTests.swift in Sources */ = {isa = PBXBuildFile; fileRef = 520C0A9A2922D693004EA851 /* NotraMuseTests.swift */; };
		520C0AA52922D693004EA851 /* NotraMuseUITests.swift in Sources */ = {isa = PBXBuildFile; fileRef = 520C0AA42922D693004EA851 /* NotraMuseUITests.swift */; };
		520C0AA72922D693004EA851 /* NotraMuseUITestsLaunchTests.swift in Sources */ = {isa = PBXBuildFile; fileRef = 520C0AA62922D693004EA851 /* NotraMuseUITestsLaunchTests.swift */; };
		520C0AB52922DB2E004EA851 /* Orbitron-Medium.ttf in Resources */ = {isa = PBXBuildFile; fileRef = 520C0AB42922DB2E004EA851 /* Orbitron-Medium.ttf */; };
		520C0AB62922DB2E004EA851 /* Orbitron-Medium.ttf in Resources */ = {isa = PBXBuildFile; fileRef = 520C0AB42922DB2E004EA851 /* Orbitron-Medium.ttf */; };
		520C0AB72922DB2E004EA851 /* Orbitron-Medium.ttf in Resources */ = {isa = PBXBuildFile; fileRef = 520C0AB42922DB2E004EA851 /* Orbitron-Medium.ttf */; };
		520C0AB92922DB46004EA851 /* LoginViewController.swift in Sources */ = {isa = PBXBuildFile; fileRef = 520C0AB82922DB46004EA851 /* LoginViewController.swift */; };
		524958A929235267003F8AC4 /* HomeViewController.swift in Sources */ = {isa = PBXBuildFile; fileRef = 524958A829235267003F8AC4 /* HomeViewController.swift */; };
		524958AB2923531F003F8AC4 /* HomeSongTableViewCell.swift in Sources */ = {isa = PBXBuildFile; fileRef = 524958AA2923531F003F8AC4 /* HomeSongTableViewCell.swift */; };
		52EBF4BF292BFCC6000AD0D8 /* AlbumViewController.swift in Sources */ = {isa = PBXBuildFile; fileRef = 52EBF4BE292BFCC6000AD0D8 /* AlbumViewController.swift */; };
		52EBF4C1292C166F000AD0D8 /* FullAlbumTableViewCell.swift in Sources */ = {isa = PBXBuildFile; fileRef = 52EBF4C0292C166F000AD0D8 /* FullAlbumTableViewCell.swift */; };
		52EBF4C3292C168E000AD0D8 /* SonginAlbumTableViewCell.swift in Sources */ = {isa = PBXBuildFile; fileRef = 52EBF4C2292C168E000AD0D8 /* SonginAlbumTableViewCell.swift */; };
		52EBF4C5292C195C000AD0D8 /* FullAlbumViewController.swift in Sources */ = {isa = PBXBuildFile; fileRef = 52EBF4C4292C195C000AD0D8 /* FullAlbumViewController.swift */; };
		52EBF4CB292C85A3000AD0D8 /* ItemCollectionViewCell.swift in Sources */ = {isa = PBXBuildFile; fileRef = 52EBF4CA292C85A3000AD0D8 /* ItemCollectionViewCell.swift */; };
/* End PBXBuildFile section */

/* Begin PBXContainerItemProxy section */
		520C0A972922D693004EA851 /* PBXContainerItemProxy */ = {
			isa = PBXContainerItemProxy;
			containerPortal = 520C0A782922D692004EA851 /* Project object */;
			proxyType = 1;
			remoteGlobalIDString = 520C0A7F2922D692004EA851;
			remoteInfo = NotraMuse;
		};
		520C0AA12922D693004EA851 /* PBXContainerItemProxy */ = {
			isa = PBXContainerItemProxy;
			containerPortal = 520C0A782922D692004EA851 /* Project object */;
			proxyType = 1;
			remoteGlobalIDString = 520C0A7F2922D692004EA851;
			remoteInfo = NotraMuse;
		};
/* End PBXContainerItemProxy section */

/* Begin PBXFileReference section */
		038386102923F8300017B5A5 /* ArtistViewController.swift */ = {isa = PBXFileReference; lastKnownFileType = sourcecode.swift; path = ArtistViewController.swift; sourceTree = "<group>"; };
		03CB29A72923F2C30080FFF3 /* TrackViewController.swift */ = {isa = PBXFileReference; lastKnownFileType = sourcecode.swift; path = TrackViewController.swift; sourceTree = "<group>"; };
		520C0A802922D692004EA851 /* NotraMuse.app */ = {isa = PBXFileReference; explicitFileType = wrapper.application; includeInIndex = 0; path = NotraMuse.app; sourceTree = BUILT_PRODUCTS_DIR; };
		520C0A832922D692004EA851 /* AppDelegate.swift */ = {isa = PBXFileReference; lastKnownFileType = sourcecode.swift; path = AppDelegate.swift; sourceTree = "<group>"; };
		520C0A852922D692004EA851 /* SceneDelegate.swift */ = {isa = PBXFileReference; lastKnownFileType = sourcecode.swift; path = SceneDelegate.swift; sourceTree = "<group>"; };
		520C0A872922D692004EA851 /* ViewController.swift */ = {isa = PBXFileReference; lastKnownFileType = sourcecode.swift; path = ViewController.swift; sourceTree = "<group>"; };
		520C0A8A2922D692004EA851 /* Base */ = {isa = PBXFileReference; lastKnownFileType = file.storyboard; name = Base; path = Base.lproj/Main.storyboard; sourceTree = "<group>"; };
		520C0A8C2922D693004EA851 /* Assets.xcassets */ = {isa = PBXFileReference; lastKnownFileType = folder.assetcatalog; path = Assets.xcassets; sourceTree = "<group>"; };
		520C0A8F2922D693004EA851 /* Base */ = {isa = PBXFileReference; lastKnownFileType = file.storyboard; name = Base; path = Base.lproj/LaunchScreen.storyboard; sourceTree = "<group>"; };
		520C0A912922D693004EA851 /* Info.plist */ = {isa = PBXFileReference; lastKnownFileType = text.plist.xml; path = Info.plist; sourceTree = "<group>"; };
		520C0A962922D693004EA851 /* NotraMuseTests.xctest */ = {isa = PBXFileReference; explicitFileType = wrapper.cfbundle; includeInIndex = 0; path = NotraMuseTests.xctest; sourceTree = BUILT_PRODUCTS_DIR; };
		520C0A9A2922D693004EA851 /* NotraMuseTests.swift */ = {isa = PBXFileReference; lastKnownFileType = sourcecode.swift; path = NotraMuseTests.swift; sourceTree = "<group>"; };
		520C0AA02922D693004EA851 /* NotraMuseUITests.xctest */ = {isa = PBXFileReference; explicitFileType = wrapper.cfbundle; includeInIndex = 0; path = NotraMuseUITests.xctest; sourceTree = BUILT_PRODUCTS_DIR; };
		520C0AA42922D693004EA851 /* NotraMuseUITests.swift */ = {isa = PBXFileReference; lastKnownFileType = sourcecode.swift; path = NotraMuseUITests.swift; sourceTree = "<group>"; };
		520C0AA62922D693004EA851 /* NotraMuseUITestsLaunchTests.swift */ = {isa = PBXFileReference; lastKnownFileType = sourcecode.swift; path = NotraMuseUITestsLaunchTests.swift; sourceTree = "<group>"; };
		520C0AB42922DB2E004EA851 /* Orbitron-Medium.ttf */ = {isa = PBXFileReference; lastKnownFileType = file; path = "Orbitron-Medium.ttf"; sourceTree = "<group>"; };
		520C0AB82922DB46004EA851 /* LoginViewController.swift */ = {isa = PBXFileReference; lastKnownFileType = sourcecode.swift; path = LoginViewController.swift; sourceTree = "<group>"; };
		524958A829235267003F8AC4 /* HomeViewController.swift */ = {isa = PBXFileReference; lastKnownFileType = sourcecode.swift; path = HomeViewController.swift; sourceTree = "<group>"; };
		524958AA2923531F003F8AC4 /* HomeSongTableViewCell.swift */ = {isa = PBXFileReference; lastKnownFileType = sourcecode.swift; path = HomeSongTableViewCell.swift; sourceTree = "<group>"; };
		52EBF4BE292BFCC6000AD0D8 /* AlbumViewController.swift */ = {isa = PBXFileReference; lastKnownFileType = sourcecode.swift; path = AlbumViewController.swift; sourceTree = "<group>"; };
		52EBF4C0292C166F000AD0D8 /* FullAlbumTableViewCell.swift */ = {isa = PBXFileReference; lastKnownFileType = sourcecode.swift; path = FullAlbumTableViewCell.swift; sourceTree = "<group>"; };
		52EBF4C2292C168E000AD0D8 /* SonginAlbumTableViewCell.swift */ = {isa = PBXFileReference; lastKnownFileType = sourcecode.swift; path = SonginAlbumTableViewCell.swift; sourceTree = "<group>"; };
		52EBF4C4292C195C000AD0D8 /* FullAlbumViewController.swift */ = {isa = PBXFileReference; lastKnownFileType = sourcecode.swift; path = FullAlbumViewController.swift; sourceTree = "<group>"; };
		52EBF4CA292C85A3000AD0D8 /* ItemCollectionViewCell.swift */ = {isa = PBXFileReference; lastKnownFileType = sourcecode.swift; path = ItemCollectionViewCell.swift; sourceTree = "<group>"; };
/* End PBXFileReference section */

/* Begin PBXFrameworksBuildPhase section */
		520C0A7D2922D692004EA851 /* Frameworks */ = {
			isa = PBXFrameworksBuildPhase;
			buildActionMask = 2147483647;
			files = (
			);
			runOnlyForDeploymentPostprocessing = 0;
		};
		520C0A932922D693004EA851 /* Frameworks */ = {
			isa = PBXFrameworksBuildPhase;
			buildActionMask = 2147483647;
			files = (
			);
			runOnlyForDeploymentPostprocessing = 0;
		};
		520C0A9D2922D693004EA851 /* Frameworks */ = {
			isa = PBXFrameworksBuildPhase;
			buildActionMask = 2147483647;
			files = (
			);
			runOnlyForDeploymentPostprocessing = 0;
		};
/* End PBXFrameworksBuildPhase section */

/* Begin PBXGroup section */
		520C0A772922D692004EA851 = {
			isa = PBXGroup;
			children = (
				520C0A822922D692004EA851 /* NotraMuse */,
				520C0A992922D693004EA851 /* NotraMuseTests */,
				520C0AA32922D693004EA851 /* NotraMuseUITests */,
				520C0A812922D692004EA851 /* Products */,
			);
			sourceTree = "<group>";
		};
		520C0A812922D692004EA851 /* Products */ = {
			isa = PBXGroup;
			children = (
				520C0A802922D692004EA851 /* NotraMuse.app */,
				520C0A962922D693004EA851 /* NotraMuseTests.xctest */,
				520C0AA02922D693004EA851 /* NotraMuseUITests.xctest */,
			);
			name = Products;
			sourceTree = "<group>";
		};
		520C0A822922D692004EA851 /* NotraMuse */ = {
			isa = PBXGroup;
			children = (
				520C0AB32922DAF2004EA851 /* Fonts */,
				520C0A832922D692004EA851 /* AppDelegate.swift */,
				520C0A852922D692004EA851 /* SceneDelegate.swift */,
				520C0A872922D692004EA851 /* ViewController.swift */,
				520C0A892922D692004EA851 /* Main.storyboard */,
				520C0A8C2922D693004EA851 /* Assets.xcassets */,
				520C0A8E2922D693004EA851 /* LaunchScreen.storyboard */,
				520C0A912922D693004EA851 /* Info.plist */,
				520C0AB82922DB46004EA851 /* LoginViewController.swift */,
				524958A829235267003F8AC4 /* HomeViewController.swift */,
				52EBF4C9292C8557000AD0D8 /* DifferentTopCatViewControllers */,
				524958AA2923531F003F8AC4 /* HomeSongTableViewCell.swift */,
				52EBF4CA292C85A3000AD0D8 /* ItemCollectionViewCell.swift */,
				52EBF4C8292C83A4000AD0D8 /* CellswithFullAlbumViewController */,
				52EBF4BE292BFCC6000AD0D8 /* AlbumViewController.swift */,
			);
			path = NotraMuse;
			sourceTree = "<group>";
		};
		520C0A992922D693004EA851 /* NotraMuseTests */ = {
			isa = PBXGroup;
			children = (
				520C0A9A2922D693004EA851 /* NotraMuseTests.swift */,
			);
			path = NotraMuseTests;
			sourceTree = "<group>";
		};
		520C0AA32922D693004EA851 /* NotraMuseUITests */ = {
			isa = PBXGroup;
			children = (
				520C0AA42922D693004EA851 /* NotraMuseUITests.swift */,
				520C0AA62922D693004EA851 /* NotraMuseUITestsLaunchTests.swift */,
			);
			path = NotraMuseUITests;
			sourceTree = "<group>";
		};
		520C0AB32922DAF2004EA851 /* Fonts */ = {
			isa = PBXGroup;
			children = (
				520C0AB42922DB2E004EA851 /* Orbitron-Medium.ttf */,
			);
			path = Fonts;
			sourceTree = "<group>";
		};
		52EBF4C8292C83A4000AD0D8 /* CellswithFullAlbumViewController */ = {
			isa = PBXGroup;
			children = (
				52EBF4C0292C166F000AD0D8 /* FullAlbumTableViewCell.swift */,
				52EBF4C2292C168E000AD0D8 /* SonginAlbumTableViewCell.swift */,
			);
			path = CellswithFullAlbumViewController;
			sourceTree = "<group>";
		};
		52EBF4C9292C8557000AD0D8 /* DifferentTopCatViewControllers */ = {
			isa = PBXGroup;
			children = (
				52EBF4C4292C195C000AD0D8 /* FullAlbumViewController.swift */,
				03CB29A72923F2C30080FFF3 /* TrackViewController.swift */,
				038386102923F8300017B5A5 /* ArtistViewController.swift */,
			);
			path = DifferentTopCatViewControllers;
			sourceTree = "<group>";
		};
/* End PBXGroup section */

/* Begin PBXNativeTarget section */
		520C0A7F2922D692004EA851 /* NotraMuse */ = {
			isa = PBXNativeTarget;
			buildConfigurationList = 520C0AAA2922D693004EA851 /* Build configuration list for PBXNativeTarget "NotraMuse" */;
			buildPhases = (
				520C0A7C2922D692004EA851 /* Sources */,
				520C0A7D2922D692004EA851 /* Frameworks */,
				520C0A7E2922D692004EA851 /* Resources */,
			);
			buildRules = (
			);
			dependencies = (
			);
			name = NotraMuse;
			productName = NotraMuse;
			productReference = 520C0A802922D692004EA851 /* NotraMuse.app */;
			productType = "com.apple.product-type.application";
		};
		520C0A952922D693004EA851 /* NotraMuseTests */ = {
			isa = PBXNativeTarget;
			buildConfigurationList = 520C0AAD2922D693004EA851 /* Build configuration list for PBXNativeTarget "NotraMuseTests" */;
			buildPhases = (
				520C0A922922D693004EA851 /* Sources */,
				520C0A932922D693004EA851 /* Frameworks */,
				520C0A942922D693004EA851 /* Resources */,
			);
			buildRules = (
			);
			dependencies = (
				520C0A982922D693004EA851 /* PBXTargetDependency */,
			);
			name = NotraMuseTests;
			productName = NotraMuseTests;
			productReference = 520C0A962922D693004EA851 /* NotraMuseTests.xctest */;
			productType = "com.apple.product-type.bundle.unit-test";
		};
		520C0A9F2922D693004EA851 /* NotraMuseUITests */ = {
			isa = PBXNativeTarget;
			buildConfigurationList = 520C0AB02922D693004EA851 /* Build configuration list for PBXNativeTarget "NotraMuseUITests" */;
			buildPhases = (
				520C0A9C2922D693004EA851 /* Sources */,
				520C0A9D2922D693004EA851 /* Frameworks */,
				520C0A9E2922D693004EA851 /* Resources */,
			);
			buildRules = (
			);
			dependencies = (
				520C0AA22922D693004EA851 /* PBXTargetDependency */,
			);
			name = NotraMuseUITests;
			productName = NotraMuseUITests;
			productReference = 520C0AA02922D693004EA851 /* NotraMuseUITests.xctest */;
			productType = "com.apple.product-type.bundle.ui-testing";
		};
/* End PBXNativeTarget section */

/* Begin PBXProject section */
		520C0A782922D692004EA851 /* Project object */ = {
			isa = PBXProject;
			attributes = {
				BuildIndependentTargetsInParallel = 1;
				LastSwiftUpdateCheck = 1340;
				LastUpgradeCheck = 1340;
				TargetAttributes = {
					520C0A7F2922D692004EA851 = {
						CreatedOnToolsVersion = 13.4.1;
					};
					520C0A952922D693004EA851 = {
						CreatedOnToolsVersion = 13.4.1;
						TestTargetID = 520C0A7F2922D692004EA851;
					};
					520C0A9F2922D693004EA851 = {
						CreatedOnToolsVersion = 13.4.1;
						TestTargetID = 520C0A7F2922D692004EA851;
					};
				};
			};
			buildConfigurationList = 520C0A7B2922D692004EA851 /* Build configuration list for PBXProject "NotraMuse" */;
			compatibilityVersion = "Xcode 13.0";
			developmentRegion = en;
			hasScannedForEncodings = 0;
			knownRegions = (
				en,
				Base,
			);
			mainGroup = 520C0A772922D692004EA851;
			productRefGroup = 520C0A812922D692004EA851 /* Products */;
			projectDirPath = "";
			projectRoot = "";
			targets = (
				520C0A7F2922D692004EA851 /* NotraMuse */,
				520C0A952922D693004EA851 /* NotraMuseTests */,
				520C0A9F2922D693004EA851 /* NotraMuseUITests */,
			);
		};
/* End PBXProject section */

/* Begin PBXResourcesBuildPhase section */
		520C0A7E2922D692004EA851 /* Resources */ = {
			isa = PBXResourcesBuildPhase;
			buildActionMask = 2147483647;
			files = (
				520C0AB52922DB2E004EA851 /* Orbitron-Medium.ttf in Resources */,
				520C0A902922D693004EA851 /* LaunchScreen.storyboard in Resources */,
				520C0A8D2922D693004EA851 /* Assets.xcassets in Resources */,
				520C0A8B2922D692004EA851 /* Main.storyboard in Resources */,
			);
			runOnlyForDeploymentPostprocessing = 0;
		};
		520C0A942922D693004EA851 /* Resources */ = {
			isa = PBXResourcesBuildPhase;
			buildActionMask = 2147483647;
			files = (
				520C0AB62922DB2E004EA851 /* Orbitron-Medium.ttf in Resources */,
			);
			runOnlyForDeploymentPostprocessing = 0;
		};
		520C0A9E2922D693004EA851 /* Resources */ = {
			isa = PBXResourcesBuildPhase;
			buildActionMask = 2147483647;
			files = (
				520C0AB72922DB2E004EA851 /* Orbitron-Medium.ttf in Resources */,
			);
			runOnlyForDeploymentPostprocessing = 0;
		};
/* End PBXResourcesBuildPhase section */

/* Begin PBXSourcesBuildPhase section */
		520C0A7C2922D692004EA851 /* Sources */ = {
			isa = PBXSourcesBuildPhase;
			buildActionMask = 2147483647;
			files = (
				52EBF4C5292C195C000AD0D8 /* FullAlbumViewController.swift in Sources */,
				03CB29A82923F2C30080FFF3 /* TrackViewController.swift in Sources */,
				52EBF4C1292C166F000AD0D8 /* FullAlbumTableViewCell.swift in Sources */,
				524958AB2923531F003F8AC4 /* HomeSongTableViewCell.swift in Sources */,
				038386112923F8300017B5A5 /* ArtistViewController.swift in Sources */,
				524958A929235267003F8AC4 /* HomeViewController.swift in Sources */,
				520C0AB92922DB46004EA851 /* LoginViewController.swift in Sources */,
				520C0A882922D692004EA851 /* ViewController.swift in Sources */,
				52EBF4BF292BFCC6000AD0D8 /* AlbumViewController.swift in Sources */,
				520C0A842922D692004EA851 /* AppDelegate.swift in Sources */,
				520C0A862922D692004EA851 /* SceneDelegate.swift in Sources */,
				52EBF4C3292C168E000AD0D8 /* SonginAlbumTableViewCell.swift in Sources */,
				52EBF4CB292C85A3000AD0D8 /* ItemCollectionViewCell.swift in Sources */,
			);
			runOnlyForDeploymentPostprocessing = 0;
		};
		520C0A922922D693004EA851 /* Sources */ = {
			isa = PBXSourcesBuildPhase;
			buildActionMask = 2147483647;
			files = (
				520C0A9B2922D693004EA851 /* NotraMuseTests.swift in Sources */,
			);
			runOnlyForDeploymentPostprocessing = 0;
		};
		520C0A9C2922D693004EA851 /* Sources */ = {
			isa = PBXSourcesBuildPhase;
			buildActionMask = 2147483647;
			files = (
				520C0AA52922D693004EA851 /* NotraMuseUITests.swift in Sources */,
				520C0AA72922D693004EA851 /* NotraMuseUITestsLaunchTests.swift in Sources */,
			);
			runOnlyForDeploymentPostprocessing = 0;
		};
/* End PBXSourcesBuildPhase section */

/* Begin PBXTargetDependency section */
		520C0A982922D693004EA851 /* PBXTargetDependency */ = {
			isa = PBXTargetDependency;
			target = 520C0A7F2922D692004EA851 /* NotraMuse */;
			targetProxy = 520C0A972922D693004EA851 /* PBXContainerItemProxy */;
		};
		520C0AA22922D693004EA851 /* PBXTargetDependency */ = {
			isa = PBXTargetDependency;
			target = 520C0A7F2922D692004EA851 /* NotraMuse */;
			targetProxy = 520C0AA12922D693004EA851 /* PBXContainerItemProxy */;
		};
/* End PBXTargetDependency section */

/* Begin PBXVariantGroup section */
		520C0A892922D692004EA851 /* Main.storyboard */ = {
			isa = PBXVariantGroup;
			children = (
				520C0A8A2922D692004EA851 /* Base */,
			);
			name = Main.storyboard;
			sourceTree = "<group>";
		};
		520C0A8E2922D693004EA851 /* LaunchScreen.storyboard */ = {
			isa = PBXVariantGroup;
			children = (
				520C0A8F2922D693004EA851 /* Base */,
			);
			name = LaunchScreen.storyboard;
			sourceTree = "<group>";
		};
/* End PBXVariantGroup section */

/* Begin XCBuildConfiguration section */
		520C0AA82922D693004EA851 /* Debug */ = {
			isa = XCBuildConfiguration;
			buildSettings = {
				ALWAYS_SEARCH_USER_PATHS = NO;
				CLANG_ANALYZER_NONNULL = YES;
				CLANG_ANALYZER_NUMBER_OBJECT_CONVERSION = YES_AGGRESSIVE;
				CLANG_CXX_LANGUAGE_STANDARD = "gnu++17";
				CLANG_ENABLE_MODULES = YES;
				CLANG_ENABLE_OBJC_ARC = YES;
				CLANG_ENABLE_OBJC_WEAK = YES;
				CLANG_WARN_BLOCK_CAPTURE_AUTORELEASING = YES;
				CLANG_WARN_BOOL_CONVERSION = YES;
				CLANG_WARN_COMMA = YES;
				CLANG_WARN_CONSTANT_CONVERSION = YES;
				CLANG_WARN_DEPRECATED_OBJC_IMPLEMENTATIONS = YES;
				CLANG_WARN_DIRECT_OBJC_ISA_USAGE = YES_ERROR;
				CLANG_WARN_DOCUMENTATION_COMMENTS = YES;
				CLANG_WARN_EMPTY_BODY = YES;
				CLANG_WARN_ENUM_CONVERSION = YES;
				CLANG_WARN_INFINITE_RECURSION = YES;
				CLANG_WARN_INT_CONVERSION = YES;
				CLANG_WARN_NON_LITERAL_NULL_CONVERSION = YES;
				CLANG_WARN_OBJC_IMPLICIT_RETAIN_SELF = YES;
				CLANG_WARN_OBJC_LITERAL_CONVERSION = YES;
				CLANG_WARN_OBJC_ROOT_CLASS = YES_ERROR;
				CLANG_WARN_QUOTED_INCLUDE_IN_FRAMEWORK_HEADER = YES;
				CLANG_WARN_RANGE_LOOP_ANALYSIS = YES;
				CLANG_WARN_STRICT_PROTOTYPES = YES;
				CLANG_WARN_SUSPICIOUS_MOVE = YES;
				CLANG_WARN_UNGUARDED_AVAILABILITY = YES_AGGRESSIVE;
				CLANG_WARN_UNREACHABLE_CODE = YES;
				CLANG_WARN__DUPLICATE_METHOD_MATCH = YES;
				COPY_PHASE_STRIP = NO;
				DEBUG_INFORMATION_FORMAT = dwarf;
				ENABLE_STRICT_OBJC_MSGSEND = YES;
				ENABLE_TESTABILITY = YES;
				GCC_C_LANGUAGE_STANDARD = gnu11;
				GCC_DYNAMIC_NO_PIC = NO;
				GCC_NO_COMMON_BLOCKS = YES;
				GCC_OPTIMIZATION_LEVEL = 0;
				GCC_PREPROCESSOR_DEFINITIONS = (
					"DEBUG=1",
					"$(inherited)",
				);
				GCC_WARN_64_TO_32_BIT_CONVERSION = YES;
				GCC_WARN_ABOUT_RETURN_TYPE = YES_ERROR;
				GCC_WARN_UNDECLARED_SELECTOR = YES;
				GCC_WARN_UNINITIALIZED_AUTOS = YES_AGGRESSIVE;
				GCC_WARN_UNUSED_FUNCTION = YES;
				GCC_WARN_UNUSED_VARIABLE = YES;
				IPHONEOS_DEPLOYMENT_TARGET = 15.5;
				MTL_ENABLE_DEBUG_INFO = INCLUDE_SOURCE;
				MTL_FAST_MATH = YES;
				ONLY_ACTIVE_ARCH = YES;
				SDKROOT = iphoneos;
				SWIFT_ACTIVE_COMPILATION_CONDITIONS = DEBUG;
				SWIFT_OPTIMIZATION_LEVEL = "-Onone";
			};
			name = Debug;
		};
		520C0AA92922D693004EA851 /* Release */ = {
			isa = XCBuildConfiguration;
			buildSettings = {
				ALWAYS_SEARCH_USER_PATHS = NO;
				CLANG_ANALYZER_NONNULL = YES;
				CLANG_ANALYZER_NUMBER_OBJECT_CONVERSION = YES_AGGRESSIVE;
				CLANG_CXX_LANGUAGE_STANDARD = "gnu++17";
				CLANG_ENABLE_MODULES = YES;
				CLANG_ENABLE_OBJC_ARC = YES;
				CLANG_ENABLE_OBJC_WEAK = YES;
				CLANG_WARN_BLOCK_CAPTURE_AUTORELEASING = YES;
				CLANG_WARN_BOOL_CONVERSION = YES;
				CLANG_WARN_COMMA = YES;
				CLANG_WARN_CONSTANT_CONVERSION = YES;
				CLANG_WARN_DEPRECATED_OBJC_IMPLEMENTATIONS = YES;
				CLANG_WARN_DIRECT_OBJC_ISA_USAGE = YES_ERROR;
				CLANG_WARN_DOCUMENTATION_COMMENTS = YES;
				CLANG_WARN_EMPTY_BODY = YES;
				CLANG_WARN_ENUM_CONVERSION = YES;
				CLANG_WARN_INFINITE_RECURSION = YES;
				CLANG_WARN_INT_CONVERSION = YES;
				CLANG_WARN_NON_LITERAL_NULL_CONVERSION = YES;
				CLANG_WARN_OBJC_IMPLICIT_RETAIN_SELF = YES;
				CLANG_WARN_OBJC_LITERAL_CONVERSION = YES;
				CLANG_WARN_OBJC_ROOT_CLASS = YES_ERROR;
				CLANG_WARN_QUOTED_INCLUDE_IN_FRAMEWORK_HEADER = YES;
				CLANG_WARN_RANGE_LOOP_ANALYSIS = YES;
				CLANG_WARN_STRICT_PROTOTYPES = YES;
				CLANG_WARN_SUSPICIOUS_MOVE = YES;
				CLANG_WARN_UNGUARDED_AVAILABILITY = YES_AGGRESSIVE;
				CLANG_WARN_UNREACHABLE_CODE = YES;
				CLANG_WARN__DUPLICATE_METHOD_MATCH = YES;
				COPY_PHASE_STRIP = NO;
				DEBUG_INFORMATION_FORMAT = "dwarf-with-dsym";
				ENABLE_NS_ASSERTIONS = NO;
				ENABLE_STRICT_OBJC_MSGSEND = YES;
				GCC_C_LANGUAGE_STANDARD = gnu11;
				GCC_NO_COMMON_BLOCKS = YES;
				GCC_WARN_64_TO_32_BIT_CONVERSION = YES;
				GCC_WARN_ABOUT_RETURN_TYPE = YES_ERROR;
				GCC_WARN_UNDECLARED_SELECTOR = YES;
				GCC_WARN_UNINITIALIZED_AUTOS = YES_AGGRESSIVE;
				GCC_WARN_UNUSED_FUNCTION = YES;
				GCC_WARN_UNUSED_VARIABLE = YES;
				IPHONEOS_DEPLOYMENT_TARGET = 15.5;
				MTL_ENABLE_DEBUG_INFO = NO;
				MTL_FAST_MATH = YES;
				SDKROOT = iphoneos;
				SWIFT_COMPILATION_MODE = wholemodule;
				SWIFT_OPTIMIZATION_LEVEL = "-O";
				VALIDATE_PRODUCT = YES;
			};
			name = Release;
		};
		520C0AAB2922D693004EA851 /* Debug */ = {
			isa = XCBuildConfiguration;
			buildSettings = {
				ASSETCATALOG_COMPILER_APPICON_NAME = AppIcon;
				ASSETCATALOG_COMPILER_GLOBAL_ACCENT_COLOR_NAME = AccentColor;
				CODE_SIGN_STYLE = Automatic;
				CURRENT_PROJECT_VERSION = 1;
				DEVELOPMENT_TEAM = X89MGYD6ML;
				GENERATE_INFOPLIST_FILE = YES;
				INFOPLIST_FILE = NotraMuse/Info.plist;
				INFOPLIST_KEY_UIApplicationSupportsIndirectInputEvents = YES;
				INFOPLIST_KEY_UILaunchStoryboardName = LaunchScreen;
				INFOPLIST_KEY_UIMainStoryboardFile = Main;
				INFOPLIST_KEY_UISupportedInterfaceOrientations_iPad = "UIInterfaceOrientationPortrait UIInterfaceOrientationPortraitUpsideDown UIInterfaceOrientationLandscapeLeft UIInterfaceOrientationLandscapeRight";
				INFOPLIST_KEY_UISupportedInterfaceOrientations_iPhone = "UIInterfaceOrientationPortrait UIInterfaceOrientationLandscapeLeft UIInterfaceOrientationLandscapeRight";
				LD_RUNPATH_SEARCH_PATHS = (
					"$(inherited)",
					"@executable_path/Frameworks",
				);
				MARKETING_VERSION = 1.0;
				PRODUCT_BUNDLE_IDENTIFIER = fau.NotraMuse;
				PRODUCT_NAME = "$(TARGET_NAME)";
				SWIFT_EMIT_LOC_STRINGS = YES;
				SWIFT_VERSION = 5.0;
				TARGETED_DEVICE_FAMILY = "1,2";
			};
			name = Debug;
		};
		520C0AAC2922D693004EA851 /* Release */ = {
			isa = XCBuildConfiguration;
			buildSettings = {
				ASSETCATALOG_COMPILER_APPICON_NAME = AppIcon;
				ASSETCATALOG_COMPILER_GLOBAL_ACCENT_COLOR_NAME = AccentColor;
				CODE_SIGN_STYLE = Automatic;
				CURRENT_PROJECT_VERSION = 1;
				DEVELOPMENT_TEAM = X89MGYD6ML;
				GENERATE_INFOPLIST_FILE = YES;
				INFOPLIST_FILE = NotraMuse/Info.plist;
				INFOPLIST_KEY_UIApplicationSupportsIndirectInputEvents = YES;
				INFOPLIST_KEY_UILaunchStoryboardName = LaunchScreen;
				INFOPLIST_KEY_UIMainStoryboardFile = Main;
				INFOPLIST_KEY_UISupportedInterfaceOrientations_iPad = "UIInterfaceOrientationPortrait UIInterfaceOrientationPortraitUpsideDown UIInterfaceOrientationLandscapeLeft UIInterfaceOrientationLandscapeRight";
				INFOPLIST_KEY_UISupportedInterfaceOrientations_iPhone = "UIInterfaceOrientationPortrait UIInterfaceOrientationLandscapeLeft UIInterfaceOrientationLandscapeRight";
				LD_RUNPATH_SEARCH_PATHS = (
					"$(inherited)",
					"@executable_path/Frameworks",
				);
				MARKETING_VERSION = 1.0;
				PRODUCT_BUNDLE_IDENTIFIER = fau.NotraMuse;
				PRODUCT_NAME = "$(TARGET_NAME)";
				SWIFT_EMIT_LOC_STRINGS = YES;
				SWIFT_VERSION = 5.0;
				TARGETED_DEVICE_FAMILY = "1,2";
			};
			name = Release;
		};
		520C0AAE2922D693004EA851 /* Debug */ = {
			isa = XCBuildConfiguration;
			buildSettings = {
				ALWAYS_EMBED_SWIFT_STANDARD_LIBRARIES = YES;
				BUNDLE_LOADER = "$(TEST_HOST)";
				CODE_SIGN_STYLE = Automatic;
				CURRENT_PROJECT_VERSION = 1;
				DEVELOPMENT_TEAM = X89MGYD6ML;
				GENERATE_INFOPLIST_FILE = YES;
				IPHONEOS_DEPLOYMENT_TARGET = 15.5;
				MARKETING_VERSION = 1.0;
				PRODUCT_BUNDLE_IDENTIFIER = fau.NotraMuseTests;
				PRODUCT_NAME = "$(TARGET_NAME)";
				SWIFT_EMIT_LOC_STRINGS = NO;
				SWIFT_VERSION = 5.0;
				TARGETED_DEVICE_FAMILY = "1,2";
				TEST_HOST = "$(BUILT_PRODUCTS_DIR)/NotraMuse.app/NotraMuse";
			};
			name = Debug;
		};
		520C0AAF2922D693004EA851 /* Release */ = {
			isa = XCBuildConfiguration;
			buildSettings = {
				ALWAYS_EMBED_SWIFT_STANDARD_LIBRARIES = YES;
				BUNDLE_LOADER = "$(TEST_HOST)";
				CODE_SIGN_STYLE = Automatic;
				CURRENT_PROJECT_VERSION = 1;
				DEVELOPMENT_TEAM = X89MGYD6ML;
				GENERATE_INFOPLIST_FILE = YES;
				IPHONEOS_DEPLOYMENT_TARGET = 15.5;
				MARKETING_VERSION = 1.0;
				PRODUCT_BUNDLE_IDENTIFIER = fau.NotraMuseTests;
				PRODUCT_NAME = "$(TARGET_NAME)";
				SWIFT_EMIT_LOC_STRINGS = NO;
				SWIFT_VERSION = 5.0;
				TARGETED_DEVICE_FAMILY = "1,2";
				TEST_HOST = "$(BUILT_PRODUCTS_DIR)/NotraMuse.app/NotraMuse";
			};
			name = Release;
		};
		520C0AB12922D693004EA851 /* Debug */ = {
			isa = XCBuildConfiguration;
			buildSettings = {
				ALWAYS_EMBED_SWIFT_STANDARD_LIBRARIES = YES;
				CODE_SIGN_STYLE = Automatic;
				CURRENT_PROJECT_VERSION = 1;
				DEVELOPMENT_TEAM = X89MGYD6ML;
				GENERATE_INFOPLIST_FILE = YES;
				MARKETING_VERSION = 1.0;
				PRODUCT_BUNDLE_IDENTIFIER = fau.NotraMuseUITests;
				PRODUCT_NAME = "$(TARGET_NAME)";
				SWIFT_EMIT_LOC_STRINGS = NO;
				SWIFT_VERSION = 5.0;
				TARGETED_DEVICE_FAMILY = "1,2";
				TEST_TARGET_NAME = NotraMuse;
			};
			name = Debug;
		};
		520C0AB22922D693004EA851 /* Release */ = {
			isa = XCBuildConfiguration;
			buildSettings = {
				ALWAYS_EMBED_SWIFT_STANDARD_LIBRARIES = YES;
				CODE_SIGN_STYLE = Automatic;
				CURRENT_PROJECT_VERSION = 1;
				DEVELOPMENT_TEAM = X89MGYD6ML;
				GENERATE_INFOPLIST_FILE = YES;
				MARKETING_VERSION = 1.0;
				PRODUCT_BUNDLE_IDENTIFIER = fau.NotraMuseUITests;
				PRODUCT_NAME = "$(TARGET_NAME)";
				SWIFT_EMIT_LOC_STRINGS = NO;
				SWIFT_VERSION = 5.0;
				TARGETED_DEVICE_FAMILY = "1,2";
				TEST_TARGET_NAME = NotraMuse;
			};
			name = Release;
		};
/* End XCBuildConfiguration section */

/* Begin XCConfigurationList section */
		520C0A7B2922D692004EA851 /* Build configuration list for PBXProject "NotraMuse" */ = {
			isa = XCConfigurationList;
			buildConfigurations = (
				520C0AA82922D693004EA851 /* Debug */,
				520C0AA92922D693004EA851 /* Release */,
			);
			defaultConfigurationIsVisible = 0;
			defaultConfigurationName = Release;
		};
		520C0AAA2922D693004EA851 /* Build configuration list for PBXNativeTarget "NotraMuse" */ = {
			isa = XCConfigurationList;
			buildConfigurations = (
				520C0AAB2922D693004EA851 /* Debug */,
				520C0AAC2922D693004EA851 /* Release */,
			);
			defaultConfigurationIsVisible = 0;
			defaultConfigurationName = Release;
		};
		520C0AAD2922D693004EA851 /* Build configuration list for PBXNativeTarget "NotraMuseTests" */ = {
			isa = XCConfigurationList;
			buildConfigurations = (
				520C0AAE2922D693004EA851 /* Debug */,
				520C0AAF2922D693004EA851 /* Release */,
			);
			defaultConfigurationIsVisible = 0;
			defaultConfigurationName = Release;
		};
		520C0AB02922D693004EA851 /* Build configuration list for PBXNativeTarget "NotraMuseUITests" */ = {
			isa = XCConfigurationList;
			buildConfigurations = (
				520C0AB12922D693004EA851 /* Debug */,
				520C0AB22922D693004EA851 /* Release */,
			);
			defaultConfigurationIsVisible = 0;
			defaultConfigurationName = Release;
		};
/* End XCConfigurationList section */
	};
	rootObject = 520C0A782922D692004EA851 /* Project object */;
}
